
Microsoft Visual Studio Solution File, Format Version 12.00
# Visual Studio 15
VisualStudioVersion = 15.0.28307.136
MinimumVisualStudioVersion = 10.0.40219.1
Project("{FAE04EC0-301F-11D3-BF4B-00C04F79EFBC}") = "Projet Systeme", "Projet Systeme\Projet Systeme.csproj", "{5F50F441-0309-4434-A6E4-03EF79F83F98}"
EndProject
Global
	GlobalSection(SolutionConfigurationPlatforms) = preSolution
		Debug|Any CPU = Debug|Any CPU
		Release|Any CPU = Release|Any CPU
	EndGlobalSection
	GlobalSection(ProjectConfigurationPlatforms) = postSolution
		{5F50F441-0309-4434-A6E4-03EF79F83F98}.Debug|Any CPU.ActiveCfg = Debug|Any CPU
		{5F50F441-0309-4434-A6E4-03EF79F83F98}.Debug|Any CPU.Build.0 = Debug|Any CPU
		{5F50F441-0309-4434-A6E4-03EF79F83F98}.Release|Any CPU.ActiveCfg = Release|Any CPU
		{5F50F441-0309-4434-A6E4-03EF79F83F98}.Release|Any CPU.Build.0 = Release|Any CPU
	EndGlobalSection
	GlobalSection(SolutionProperties) = preSolution
		HideSolutionNode = FALSE
	EndGlobalSection
	GlobalSection(ExtensibilityGlobals) = postSolution
		SolutionGuid = {6D82DEA9-31C3-4937-A87B-DC6F989939C4}
	EndGlobalSection
EndGlobal
